dependencies:
- name: vitalam-node
  repository: https://digicatapult.github.io/vitalam-node/
  version: 0.24.1
- name: vitalam-ipfs
  repository: https://digicatapult.github.io/vitalam-ipfs/
  version: 1.2.7
digest: sha256:dfbbdf4b8f9edc7933c4a803f759eb20960dbaf7befa563e67271369125ae604
generated: "2022-02-16T16:29:08.009611Z"
