dependencies:
- name: dscp-node
  repository: https://digicatapult.github.io/dscp-node/
  version: 3.0.0
- name: dscp-ipfs
  repository: https://digicatapult.github.io/dscp-ipfs/
  version: 2.0.0
digest: sha256:d11684c194cb7dd05dfb36c196a28ab7ccdcd1cb6b1241891e930589248a305b
generated: "2022-04-06T15:36:57.54609+01:00"
