dependencies:
- name: dscp-node
  repository: https://digicatapult.github.io/dscp-node/
  version: 4.2.1
- name: dscp-ipfs
  repository: https://digicatapult.github.io/dscp-ipfs/
  version: 2.5.0
digest: sha256:d2838bcc48ef98304743ee4d2b80ddfeeb36d2251d76a075c6734003b5634faf
generated: "2022-07-19T10:57:19.904109+01:00"
